
Microsoft Visual Studio Solution File, Format Version 12.00
# Visual Studio 15
VisualStudioVersion = 15.0.27703.2026
MinimumVisualStudioVersion = 10.0.40219.1
Project("{FAE04EC0-301F-11D3-BF4B-00C04F79EFBC}") = "databaseFanta", "databaseFanta\databaseFanta.csproj", "{18EB8514-38CD-4031-86A0-BAA8E3085D67}"
EndProject
Global
	GlobalSection(SolutionConfigurationPlatforms) = preSolution
		Debug|Any CPU = Debug|Any CPU
		Release|Any CPU = Release|Any CPU
	EndGlobalSection
	GlobalSection(ProjectConfigurationPlatforms) = postSolution
		{18EB8514-38CD-4031-86A0-BAA8E3085D67}.Debug|Any CPU.ActiveCfg = Debug|Any CPU
		{18EB8514-38CD-4031-86A0-BAA8E3085D67}.Debug|Any CPU.Build.0 = Debug|Any CPU
		{18EB8514-38CD-4031-86A0-BAA8E3085D67}.Release|Any CPU.ActiveCfg = Release|Any CPU
		{18EB8514-38CD-4031-86A0-BAA8E3085D67}.Release|Any CPU.Build.0 = Release|Any CPU
	EndGlobalSection
	GlobalSection(SolutionProperties) = preSolution
		HideSolutionNode = FALSE
	EndGlobalSection
	GlobalSection(ExtensibilityGlobals) = postSolution
		SolutionGuid = {16E268EA-46D7-4784-9873-D3835C759EF4}
	EndGlobalSection
EndGlobal
