
Microsoft Visual Studio Solution File, Format Version 12.00
# Visual Studio 15
VisualStudioVersion = 15.0.27703.2000
MinimumVisualStudioVersion = 10.0.40219.1
Project("{FAE04EC0-301F-11D3-BF4B-00C04F79EFBC}") = "Client", "Client\Client.csproj", "{3F3869CC-317E-4B1A-A76A-D877602EB7AE}"
	ProjectSection(ProjectDependencies) = postProject
		{068C7161-E29C-4C10-B628-A440C9E697BF} = {068C7161-E29C-4C10-B628-A440C9E697BF}
	EndProjectSection
EndProject
Project("{FAE04EC0-301F-11D3-BF4B-00C04F79EFBC}") = "ServerLogin", "ServerLogin\ServerLogin.csproj", "{068C7161-E29C-4C10-B628-A440C9E697BF}"
EndProject
Global
	GlobalSection(SolutionConfigurationPlatforms) = preSolution
		Debug|Any CPU = Debug|Any CPU
		Release|Any CPU = Release|Any CPU
	EndGlobalSection
	GlobalSection(ProjectConfigurationPlatforms) = postSolution
		{3F3869CC-317E-4B1A-A76A-D877602EB7AE}.Debug|Any CPU.ActiveCfg = Debug|Any CPU
		{3F3869CC-317E-4B1A-A76A-D877602EB7AE}.Debug|Any CPU.Build.0 = Debug|Any CPU
		{3F3869CC-317E-4B1A-A76A-D877602EB7AE}.Release|Any CPU.ActiveCfg = Release|Any CPU
		{3F3869CC-317E-4B1A-A76A-D877602EB7AE}.Release|Any CPU.Build.0 = Release|Any CPU
		{068C7161-E29C-4C10-B628-A440C9E697BF}.Debug|Any CPU.ActiveCfg = Debug|Any CPU
		{068C7161-E29C-4C10-B628-A440C9E697BF}.Debug|Any CPU.Build.0 = Debug|Any CPU
		{068C7161-E29C-4C10-B628-A440C9E697BF}.Release|Any CPU.ActiveCfg = Release|Any CPU
		{068C7161-E29C-4C10-B628-A440C9E697BF}.Release|Any CPU.Build.0 = Release|Any CPU
	EndGlobalSection
	GlobalSection(SolutionProperties) = preSolution
		HideSolutionNode = FALSE
	EndGlobalSection
	GlobalSection(ExtensibilityGlobals) = postSolution
		SolutionGuid = {96B781DB-0508-401B-B566-99DA0EC29662}
	EndGlobalSection
EndGlobal
